{"1.1.0",
[{<<"epgsql">>,{pkg,<<"epgsql">>,<<"3.4.0">>},0},
 {<<"eredis">>,{pkg,<<"eredis">>,<<"1.1.0">>},0}]}.
[
{pkg_hash,[
 {<<"epgsql">>, <<"39D473B83D74329A88F8FB1F99AD24C7A2329FD753957C488808CB7C0FC8164E">>},
 {<<"eredis">>, <<"8D8D74496F35216679B97726B75FB1C8715E99DD7F3EF9F9824A2264C3E0AAC0">>}]}
].
